
Microsoft Visual Studio Solution File, Format Version 12.00
# Visual Studio Version 16
VisualStudioVersion = 16.0.30717.126
MinimumVisualStudioVersion = 10.0.40219.1
Project("{9A19103F-16F7-4668-BE54-9A1E7A4F7556}") = "Classes_001", "BasicCSharp\Classes_001.csproj", "{2BF7F0E2-CF4F-49FA-A904-B7A598752B58}"
EndProject
Project("{FAE04EC0-301F-11D3-BF4B-00C04F79EFBC}") = "Classes_002", "Classes_002\Classes_002.csproj", "{798BCD5B-14BF-4334-BCE1-E606F2050905}"
EndProject
Global
	GlobalSection(SolutionConfigurationPlatforms) = preSolution
		Debug|Any CPU = Debug|Any CPU
		Release|Any CPU = Release|Any CPU
	EndGlobalSection
	GlobalSection(ProjectConfigurationPlatforms) = postSolution
		{2BF7F0E2-CF4F-49FA-A904-B7A598752B58}.Debug|Any CPU.ActiveCfg = Debug|Any CPU
		{2BF7F0E2-CF4F-49FA-A904-B7A598752B58}.Debug|Any CPU.Build.0 = Debug|Any CPU
		{2BF7F0E2-CF4F-49FA-A904-B7A598752B58}.Release|Any CPU.ActiveCfg = Release|Any CPU
		{2BF7F0E2-CF4F-49FA-A904-B7A598752B58}.Release|Any CPU.Build.0 = Release|Any CPU
		{798BCD5B-14BF-4334-BCE1-E606F2050905}.Debug|Any CPU.ActiveCfg = Debug|Any CPU
		{798BCD5B-14BF-4334-BCE1-E606F2050905}.Debug|Any CPU.Build.0 = Debug|Any CPU
		{798BCD5B-14BF-4334-BCE1-E606F2050905}.Release|Any CPU.ActiveCfg = Release|Any CPU
		{798BCD5B-14BF-4334-BCE1-E606F2050905}.Release|Any CPU.Build.0 = Release|Any CPU
	EndGlobalSection
	GlobalSection(SolutionProperties) = preSolution
		HideSolutionNode = FALSE
	EndGlobalSection
	GlobalSection(ExtensibilityGlobals) = postSolution
		SolutionGuid = {10C4BFC4-C03A-44A8-A892-3D9A9E6C0A4A}
	EndGlobalSection
EndGlobal
